
Microsoft Visual Studio Solution File, Format Version 12.00
# Visual Studio Version 16
VisualStudioVersion = 16.0.30225.117
MinimumVisualStudioVersion = 10.0.40219.1
Project("{9A19103F-16F7-4668-BE54-9A1E7A4F7556}") = "DoveSoft.Common", "Source\DoveSoft.Common.csproj", "{26C61E7B-7E05-4618-A89E-1123D8A77B10}"
EndProject
Global
	GlobalSection(SolutionConfigurationPlatforms) = preSolution
		Debug|Any CPU = Debug|Any CPU
		Release|Any CPU = Release|Any CPU
	EndGlobalSection
	GlobalSection(ProjectConfigurationPlatforms) = postSolution
		{26C61E7B-7E05-4618-A89E-1123D8A77B10}.Debug|Any CPU.ActiveCfg = Debug|Any CPU
		{26C61E7B-7E05-4618-A89E-1123D8A77B10}.Debug|Any CPU.Build.0 = Debug|Any CPU
		{26C61E7B-7E05-4618-A89E-1123D8A77B10}.Release|Any CPU.ActiveCfg = Release|Any CPU
		{26C61E7B-7E05-4618-A89E-1123D8A77B10}.Release|Any CPU.Build.0 = Release|Any CPU
	EndGlobalSection
	GlobalSection(SolutionProperties) = preSolution
		HideSolutionNode = FALSE
	EndGlobalSection
	GlobalSection(ExtensibilityGlobals) = postSolution
		SolutionGuid = {6F37A5F1-DE33-47C6-A2EA-2AB9F1A9083F}
	EndGlobalSection
EndGlobal
